
Microsoft Visual Studio Solution File, Format Version 12.00
Project("{FAE04EC0-301F-11D3-BF4B-00C04F79EFBC}") = "NotificationSystem", "NotificationSystem\NotificationSystem.csproj", "{6BECD485-1F28-4BC0-9F36-22390E8D9276}"
EndProject
Global
	GlobalSection(SolutionConfigurationPlatforms) = preSolution
		Debug|Any CPU = Debug|Any CPU
		Release|Any CPU = Release|Any CPU
	EndGlobalSection
	GlobalSection(ProjectConfigurationPlatforms) = postSolution
		{6BECD485-1F28-4BC0-9F36-22390E8D9276}.Debug|Any CPU.ActiveCfg = Debug|Any CPU
		{6BECD485-1F28-4BC0-9F36-22390E8D9276}.Debug|Any CPU.Build.0 = Debug|Any CPU
		{6BECD485-1F28-4BC0-9F36-22390E8D9276}.Release|Any CPU.ActiveCfg = Release|Any CPU
		{6BECD485-1F28-4BC0-9F36-22390E8D9276}.Release|Any CPU.Build.0 = Release|Any CPU
	EndGlobalSection
EndGlobal
